
Microsoft Visual Studio Solution File, Format Version 12.00
# Visual Studio Version 16
VisualStudioVersion = 16.0.30717.126
MinimumVisualStudioVersion = 10.0.40219.1
Project("{FAE04EC0-301F-11D3-BF4B-00C04F79EFBC}") = "prolabII", "prolabII\prolabII.csproj", "{A88DD250-EDD2-4AAD-A125-5B8FA80ABA36}"
EndProject
Global
	GlobalSection(SolutionConfigurationPlatforms) = preSolution
		Debug|Any CPU = Debug|Any CPU
		Release|Any CPU = Release|Any CPU
	EndGlobalSection
	GlobalSection(ProjectConfigurationPlatforms) = postSolution
		{A88DD250-EDD2-4AAD-A125-5B8FA80ABA36}.Debug|Any CPU.ActiveCfg = Debug|Any CPU
		{A88DD250-EDD2-4AAD-A125-5B8FA80ABA36}.Debug|Any CPU.Build.0 = Debug|Any CPU
		{A88DD250-EDD2-4AAD-A125-5B8FA80ABA36}.Release|Any CPU.ActiveCfg = Release|Any CPU
		{A88DD250-EDD2-4AAD-A125-5B8FA80ABA36}.Release|Any CPU.Build.0 = Release|Any CPU
	EndGlobalSection
	GlobalSection(SolutionProperties) = preSolution
		HideSolutionNode = FALSE
	EndGlobalSection
	GlobalSection(ExtensibilityGlobals) = postSolution
		SolutionGuid = {0ECD2BDA-5729-409B-960D-BA7A49C09311}
	EndGlobalSection
EndGlobal
